
Microsoft Visual Studio Solution File, Format Version 12.00
# Visual Studio 15
VisualStudioVersion = 15.0.28010.2036
MinimumVisualStudioVersion = 10.0.40219.1
Project("{FAE04EC0-301F-11D3-BF4B-00C04F79EFBC}") = "Responsive", "Responsive\Responsive.csproj", "{7A80540D-33FC-4350-ABCE-056BC14472D5}"
EndProject
Global
	GlobalSection(SolutionConfigurationPlatforms) = preSolution
		Debug|Any CPU = Debug|Any CPU
		Release|Any CPU = Release|Any CPU
	EndGlobalSection
	GlobalSection(ProjectConfigurationPlatforms) = postSolution
		{7A80540D-33FC-4350-ABCE-056BC14472D5}.Debug|Any CPU.ActiveCfg = Debug|Any CPU
		{7A80540D-33FC-4350-ABCE-056BC14472D5}.Debug|Any CPU.Build.0 = Debug|Any CPU
		{7A80540D-33FC-4350-ABCE-056BC14472D5}.Release|Any CPU.ActiveCfg = Release|Any CPU
		{7A80540D-33FC-4350-ABCE-056BC14472D5}.Release|Any CPU.Build.0 = Release|Any CPU
	EndGlobalSection
	GlobalSection(SolutionProperties) = preSolution
		HideSolutionNode = FALSE
	EndGlobalSection
	GlobalSection(ExtensibilityGlobals) = postSolution
		SolutionGuid = {36F08000-9753-4D52-88AE-6B8BC3B75F0D}
	EndGlobalSection
EndGlobal
